{
  "version": 4,
  "terraform_version": "1.8.0",
  "serial": 3,
  "lineage": "26667079-7c01-58af-92b7-eb28c8b9ab4c",
  "outputs": {},
  "resources": [
    {
      "mode": "managed",
      "type": "opensearch_cluster_settings",
      "name": "global",
      "provider": "provider[\"registry.terraform.io/opensearch-project/opensearch\"]",
      "instances": [
        {
          "schema_version": 0,
          "attributes": {
            "action_auto_create_index": null,
            "action_destructive_requires_name": null,
            "cluster_blocks_read_only": null,
            "cluster_blocks_read_only_allow_delete": null,
            "cluster_indices_close_enable": null,
            "cluster_info_update_interval": null,
            "cluster_max_shards_per_node": null,
            "cluster_max_shards_per_node_frozen": null,
            "cluster_no_master_block": null,
            "cluster_persistent_tasks_allocation_enable": null,
            "cluster_persistent_tasks_allocation_recheck_interval": null,
            "cluster_routing_allocation_allow_rebalance": null,
            "cluster_routing_allocation_awareness_attributes": null,
            "cluster_routing_allocation_balance_index": null,
            "cluster_routing_allocation_balance_shard": null,
            "cluster_routing_allocation_balance_threshold": null,
            "cluster_routing_allocation_cluster_concurrent_rebalance": null,
            "cluster_routing_allocation_disk_include_relocations": null,
            "cluster_routing_allocation_disk_threshold_enabled": null,
            "cluster_routing_allocation_disk_watermark_high": null,
            "cluster_routing_allocation_disk_watermark_low": null,
            "cluster_routing_allocation_enable": "all",
            "cluster_routing_allocation_node_concurrent_incoming_recoveries": null,
            "cluster_routing_allocation_node_concurrent_outgoing_recoveries": null,
            "cluster_routing_allocation_node_concurrent_recoveries": null,
            "cluster_routing_allocation_node_initial_primaries_recoveries": null,
            "cluster_routing_allocation_same_shard_host": null,
            "cluster_routing_allocation_total_shards_per_node": null,
            "cluster_routing_rebalance_enable": null,
            "id": "settings",
            "indices_breaker_fielddata_limit": null,
            "indices_breaker_fielddata_overhead": null,
            "indices_breaker_request_limit": null,
            "indices_breaker_request_overhead": null,
            "indices_breaker_total_limit": null,
            "indices_recovery_max_bytes_per_sec": null,
            "network_breaker_inflight_requests_limit": null,
            "network_breaker_inflight_requests_overhead": null,
            "script_max_compilations_rate": null,
            "search_default_search_timeout": null
          },
          "sensitive_attributes": [],
          "private": "bnVsbA=="
        }
      ]
    }
  ],
  "check_results": null
}
